{
  "name": "rails-react-tutorial-beta",
  "requires": true,
  "lockfileVersion": 1,
  "dependencies": {
    "history": {
      "version": "4.7.2",
      "resolved": "https://flipplib.jfrog.io/flipplib/api/npm/flipp-npm/history/-/history-4.7.2.tgz",
      "integrity": "sha1-IrXH8xYzxbgCHH9KipVKwTnujVs=",
      "requires": {
        "invariant": "2.2.4",
        "loose-envify": "1.4.0",
        "resolve-pathname": "2.2.0",
        "value-equal": "0.4.0",
        "warning": "3.0.0"
      },
      "dependencies": {
        "warning": {
          "version": "3.0.0",
          "resolved": "https://flipplib.jfrog.io/flipplib/api/npm/flipp-npm/warning/-/warning-3.0.0.tgz",
          "integrity": "sha1-MuU3fLVy3kqwR1O9+IIcAe1gW3w=",
          "requires": {
            "loose-envify": "1.4.0"
          }
        }
      }
    },
    "hoist-non-react-statics": {
      "version": "2.5.5",
      "resolved": "https://flipplib.jfrog.io/flipplib/api/npm/flipp-npm/hoist-non-react-statics/-/hoist-non-react-statics-2.5.5.tgz",
      "integrity": "sha1-xZA89AnA39kI84jmGdhrnBF0y0c="
    },
    "invariant": {
      "version": "2.2.4",
      "resolved": "https://flipplib.jfrog.io/flipplib/api/npm/flipp-npm/invariant/-/invariant-2.2.4.tgz",
      "integrity": "sha1-YQ88ksk1nOHbYW5TgAjSP/NRWOY=",
      "requires": {
        "loose-envify": "1.4.0"
      }
    },
    "isarray": {
      "version": "0.0.1",
      "resolved": "https://flipplib.jfrog.io/flipplib/api/npm/flipp-npm/isarray/-/isarray-0.0.1.tgz",
      "integrity": "sha1-ihis/Kmo9Bd+Cav8YDiTmwXR7t8="
    },
    "js-tokens": {
      "version": "4.0.0",
      "resolved": "https://flipplib.jfrog.io/flipplib/api/npm/flipp-npm/js-tokens/-/js-tokens-4.0.0.tgz",
      "integrity": "sha1-GSA/tZmR35jjoocFDUZHzerzJJk="
    },
    "loose-envify": {
      "version": "1.4.0",
      "resolved": "https://flipplib.jfrog.io/flipplib/api/npm/flipp-npm/loose-envify/-/loose-envify-1.4.0.tgz",
      "integrity": "sha1-ce5R+nvkyuwaY4OffmgtgTLTDK8=",
      "requires": {
        "js-tokens": "4.0.0"
      }
    },
    "object-assign": {
      "version": "4.1.1",
      "resolved": "https://flipplib.jfrog.io/flipplib/api/npm/flipp-npm/object-assign/-/object-assign-4.1.1.tgz",
      "integrity": "sha1-IQmtx5ZYh8/AXLvUQsrIv7s2CGM="
    },
    "path-to-regexp": {
      "version": "1.7.0",
      "resolved": "https://flipplib.jfrog.io/flipplib/api/npm/flipp-npm/path-to-regexp/-/path-to-regexp-1.7.0.tgz",
      "integrity": "sha1-Wf3g9DW62suhA6hOnTvGTpa5k30=",
      "requires": {
        "isarray": "0.0.1"
      }
    },
    "react-is": {
      "version": "16.8.3",
      "resolved": "https://flipplib.jfrog.io/flipplib/api/npm/flipp-npm/react-is/-/react-is-16.8.3.tgz",
      "integrity": "sha1-StiwKcKnGPwM/HRsjU4bciHlOH0="
    },
    "react-router": {
      "version": "4.3.1",
      "resolved": "https://flipplib.jfrog.io/flipplib/api/npm/flipp-npm/react-router/-/react-router-4.3.1.tgz",
      "integrity": "sha1-qtpK7xTICcsuaGsFzuR0IjRQbE4=",
      "requires": {
        "history": "4.7.2",
        "hoist-non-react-statics": "2.5.5",
        "invariant": "2.2.4",
        "loose-envify": "1.4.0",
        "path-to-regexp": "1.7.0",
        "prop-types": "15.7.2",
        "warning": "4.0.3"
      },
      "dependencies": {
        "prop-types": {
          "version": "15.7.2",
          "resolved": "https://flipplib.jfrog.io/flipplib/api/npm/flipp-npm/prop-types/-/prop-types-15.7.2.tgz",
          "integrity": "sha1-UsQedbjIfnK52TYOAga5ncv/psU=",
          "requires": {
            "loose-envify": "1.4.0",
            "object-assign": "4.1.1",
            "react-is": "16.8.3"
          }
        }
      }
    },
    "react-router-dom": {
      "version": "4.3.1",
      "resolved": "https://flipplib.jfrog.io/flipplib/api/npm/flipp-npm/react-router-dom/-/react-router-dom-4.3.1.tgz",
      "integrity": "sha1-TCYZ/CTE+ofJ/Rj0+0pD/mP71cY=",
      "requires": {
        "history": "4.7.2",
        "invariant": "2.2.4",
        "loose-envify": "1.4.0",
        "prop-types": "15.7.2",
        "react-router": "4.3.1",
        "warning": "4.0.3"
      },
      "dependencies": {
        "prop-types": {
          "version": "15.7.2",
          "resolved": "https://flipplib.jfrog.io/flipplib/api/npm/flipp-npm/prop-types/-/prop-types-15.7.2.tgz",
          "integrity": "sha1-UsQedbjIfnK52TYOAga5ncv/psU=",
          "requires": {
            "loose-envify": "1.4.0",
            "object-assign": "4.1.1",
            "react-is": "16.8.3"
          }
        }
      }
    },
    "resolve-pathname": {
      "version": "2.2.0",
      "resolved": "https://flipplib.jfrog.io/flipplib/api/npm/flipp-npm/resolve-pathname/-/resolve-pathname-2.2.0.tgz",
      "integrity": "sha1-fpriHtgV/WOrGJre7mTcgx7vqHk="
    },
    "value-equal": {
      "version": "0.4.0",
      "resolved": "https://flipplib.jfrog.io/flipplib/api/npm/flipp-npm/value-equal/-/value-equal-0.4.0.tgz",
      "integrity": "sha1-xb3S9U7gk8BIOdcc4uR1imiQq8c="
    },
    "warning": {
      "version": "4.0.3",
      "resolved": "https://flipplib.jfrog.io/flipplib/api/npm/flipp-npm/warning/-/warning-4.0.3.tgz",
      "integrity": "sha1-Fungd+uKhtavfWSqHgX9hbRnjKM=",
      "requires": {
        "loose-envify": "1.4.0"
      }
    }
  }
}
